
Microsoft Visual Studio Solution File, Format Version 12.00
# Visual Studio Version 17
VisualStudioVersion = 17.0.31903.59
MinimumVisualStudioVersion = 10.0.40219.1
Project("{2150E333-8FDC-42A3-9474-1A3956D46DE8}") = "services", "services", "{E435E1D4-B349-4894-97B7-A535CC552992}"
EndProject
Project("{FAE04EC0-301F-11D3-BF4B-00C04F79EFBC}") = "Products.API", "src\services\Products.API\Products.API.csproj", "{0CC479C6-B0B8-48BC-8163-33FA7ECAF8C7}"
EndProject
Project("{FAE04EC0-301F-11D3-BF4B-00C04F79EFBC}") = "Users.API", "src\services\Users.API\Users.API.csproj", "{847F0DFF-6AA4-4F08-9C60-9090497BCBEF}"
EndProject
Project("{2150E333-8FDC-42A3-9474-1A3956D46DE8}") = "gateway", "gateway", "{0FB646D3-24BF-4A18-940E-3059D4C9465A}"
EndProject
Project("{FAE04EC0-301F-11D3-BF4B-00C04F79EFBC}") = "Gateway.API", "src\gateway\Gateway.API\Gateway.API.csproj", "{33AFF15A-7C23-4E3F-9B89-EA2EED8D5626}"
EndProject
Project("{E53339B2-1760-4266-BCC7-CA923CBCF16C}") = "docker-compose", "docker-compose.dcproj", "{5FE0B62B-1B41-48AE-BC56-D3B7988AA42E}"
EndProject
Project("{2150E333-8FDC-42A3-9474-1A3956D46DE8}") = "aggregator", "aggregator", "{02EA681E-C7D8-13C7-8484-4AC65E1B71E8}"
EndProject
Project("{FAE04EC0-301F-11D3-BF4B-00C04F79EFBC}") = "Aggregator.API", "src\aggregator\Aggregator.API\Aggregator.API.csproj", "{35640D57-B60B-4CBD-9A53-ACD983E6FCF3}"
EndProject
Project("{2150E333-8FDC-42A3-9474-1A3956D46DE8}") = "src", "src", "{7CAE52B5-72B6-4EB0-A53D-B17F39838FB4}"
EndProject
Project("{2150E333-8FDC-42A3-9474-1A3956D46DE8}") = "tests", "tests", "{9245D044-417C-43DD-9A72-8BEFA3A19ABD}"
EndProject
Project("{2150E333-8FDC-42A3-9474-1A3956D46DE8}") = "services", "services", "{45B1334F-6459-4191-AA68-74A4B1AD780F}"
EndProject
Project("{FAE04EC0-301F-11D3-BF4B-00C04F79EFBC}") = "Products.API.Tests", "tests\services\Products.API.Tests\Products.API.Tests.csproj", "{4D665195-D585-4371-8C23-8B804F3F359E}"
EndProject
Project("{FAE04EC0-301F-11D3-BF4B-00C04F79EFBC}") = "Users.API.Tests", "tests\services\Users.API.Tests\Users.API.Tests.csproj", "{86C933E8-CD89-4DB8-9592-753789D246E4}"
EndProject
Project("{FAE04EC0-301F-11D3-BF4B-00C04F79EFBC}") = "Aggregator.API.Tests", "tests\services\Aggregator.API.Tests\Aggregator.API.Tests.csproj", "{6E7B4D15-DE3A-4C02-8567-58760F10BE8B}"
EndProject
Project("{2150E333-8FDC-42A3-9474-1A3956D46DE8}") = "aggregators", "aggregators", "{D2424C84-9AEB-4366-A987-91FB0B07E4F0}"
EndProject
Global
	GlobalSection(SolutionConfigurationPlatforms) = preSolution
		Debug|Any CPU = Debug|Any CPU
		Release|Any CPU = Release|Any CPU
	EndGlobalSection
	GlobalSection(ProjectConfigurationPlatforms) = postSolution
		{0CC479C6-B0B8-48BC-8163-33FA7ECAF8C7}.Debug|Any CPU.ActiveCfg = Debug|Any CPU
		{0CC479C6-B0B8-48BC-8163-33FA7ECAF8C7}.Debug|Any CPU.Build.0 = Debug|Any CPU
		{0CC479C6-B0B8-48BC-8163-33FA7ECAF8C7}.Release|Any CPU.ActiveCfg = Release|Any CPU
		{0CC479C6-B0B8-48BC-8163-33FA7ECAF8C7}.Release|Any CPU.Build.0 = Release|Any CPU
		{847F0DFF-6AA4-4F08-9C60-9090497BCBEF}.Debug|Any CPU.ActiveCfg = Debug|Any CPU
		{847F0DFF-6AA4-4F08-9C60-9090497BCBEF}.Debug|Any CPU.Build.0 = Debug|Any CPU
		{847F0DFF-6AA4-4F08-9C60-9090497BCBEF}.Release|Any CPU.ActiveCfg = Release|Any CPU
		{847F0DFF-6AA4-4F08-9C60-9090497BCBEF}.Release|Any CPU.Build.0 = Release|Any CPU
		{33AFF15A-7C23-4E3F-9B89-EA2EED8D5626}.Debug|Any CPU.ActiveCfg = Debug|Any CPU
		{33AFF15A-7C23-4E3F-9B89-EA2EED8D5626}.Debug|Any CPU.Build.0 = Debug|Any CPU
		{33AFF15A-7C23-4E3F-9B89-EA2EED8D5626}.Release|Any CPU.ActiveCfg = Release|Any CPU
		{33AFF15A-7C23-4E3F-9B89-EA2EED8D5626}.Release|Any CPU.Build.0 = Release|Any CPU
		{5FE0B62B-1B41-48AE-BC56-D3B7988AA42E}.Debug|Any CPU.ActiveCfg = Debug|Any CPU
		{5FE0B62B-1B41-48AE-BC56-D3B7988AA42E}.Debug|Any CPU.Build.0 = Debug|Any CPU
		{5FE0B62B-1B41-48AE-BC56-D3B7988AA42E}.Release|Any CPU.ActiveCfg = Release|Any CPU
		{5FE0B62B-1B41-48AE-BC56-D3B7988AA42E}.Release|Any CPU.Build.0 = Release|Any CPU
		{35640D57-B60B-4CBD-9A53-ACD983E6FCF3}.Debug|Any CPU.ActiveCfg = Debug|Any CPU
		{35640D57-B60B-4CBD-9A53-ACD983E6FCF3}.Debug|Any CPU.Build.0 = Debug|Any CPU
		{35640D57-B60B-4CBD-9A53-ACD983E6FCF3}.Release|Any CPU.ActiveCfg = Release|Any CPU
		{35640D57-B60B-4CBD-9A53-ACD983E6FCF3}.Release|Any CPU.Build.0 = Release|Any CPU
		{4D665195-D585-4371-8C23-8B804F3F359E}.Debug|Any CPU.ActiveCfg = Debug|Any CPU
		{4D665195-D585-4371-8C23-8B804F3F359E}.Debug|Any CPU.Build.0 = Debug|Any CPU
		{4D665195-D585-4371-8C23-8B804F3F359E}.Release|Any CPU.ActiveCfg = Release|Any CPU
		{4D665195-D585-4371-8C23-8B804F3F359E}.Release|Any CPU.Build.0 = Release|Any CPU
		{86C933E8-CD89-4DB8-9592-753789D246E4}.Debug|Any CPU.ActiveCfg = Debug|Any CPU
		{86C933E8-CD89-4DB8-9592-753789D246E4}.Debug|Any CPU.Build.0 = Debug|Any CPU
		{86C933E8-CD89-4DB8-9592-753789D246E4}.Release|Any CPU.ActiveCfg = Release|Any CPU
		{86C933E8-CD89-4DB8-9592-753789D246E4}.Release|Any CPU.Build.0 = Release|Any CPU
		{6E7B4D15-DE3A-4C02-8567-58760F10BE8B}.Debug|Any CPU.ActiveCfg = Debug|Any CPU
		{6E7B4D15-DE3A-4C02-8567-58760F10BE8B}.Debug|Any CPU.Build.0 = Debug|Any CPU
		{6E7B4D15-DE3A-4C02-8567-58760F10BE8B}.Release|Any CPU.ActiveCfg = Release|Any CPU
		{6E7B4D15-DE3A-4C02-8567-58760F10BE8B}.Release|Any CPU.Build.0 = Release|Any CPU
	EndGlobalSection
	GlobalSection(SolutionProperties) = preSolution
		HideSolutionNode = FALSE
	EndGlobalSection
	GlobalSection(NestedProjects) = preSolution
		{E435E1D4-B349-4894-97B7-A535CC552992} = {7CAE52B5-72B6-4EB0-A53D-B17F39838FB4}
		{0CC479C6-B0B8-48BC-8163-33FA7ECAF8C7} = {E435E1D4-B349-4894-97B7-A535CC552992}
		{847F0DFF-6AA4-4F08-9C60-9090497BCBEF} = {E435E1D4-B349-4894-97B7-A535CC552992}
		{0FB646D3-24BF-4A18-940E-3059D4C9465A} = {7CAE52B5-72B6-4EB0-A53D-B17F39838FB4}
		{33AFF15A-7C23-4E3F-9B89-EA2EED8D5626} = {0FB646D3-24BF-4A18-940E-3059D4C9465A}
		{02EA681E-C7D8-13C7-8484-4AC65E1B71E8} = {7CAE52B5-72B6-4EB0-A53D-B17F39838FB4}
		{35640D57-B60B-4CBD-9A53-ACD983E6FCF3} = {02EA681E-C7D8-13C7-8484-4AC65E1B71E8}
		{45B1334F-6459-4191-AA68-74A4B1AD780F} = {9245D044-417C-43DD-9A72-8BEFA3A19ABD}
		{4D665195-D585-4371-8C23-8B804F3F359E} = {45B1334F-6459-4191-AA68-74A4B1AD780F}
		{86C933E8-CD89-4DB8-9592-753789D246E4} = {45B1334F-6459-4191-AA68-74A4B1AD780F}
		{6E7B4D15-DE3A-4C02-8567-58760F10BE8B} = {D2424C84-9AEB-4366-A987-91FB0B07E4F0}
		{D2424C84-9AEB-4366-A987-91FB0B07E4F0} = {9245D044-417C-43DD-9A72-8BEFA3A19ABD}
	EndGlobalSection
	GlobalSection(ExtensibilityGlobals) = postSolution
		SolutionGuid = {39B73FE2-E0F2-4CDF-B51A-74303CE0D4AF}
	EndGlobalSection
EndGlobal
