
Microsoft Visual Studio Solution File, Format Version 12.00
# Visual Studio Version 17
VisualStudioVersion = 17.0.31903.59
MinimumVisualStudioVersion = 10.0.40219.1
Project("{2150E333-8FDC-42A3-9474-1A3956D46DE8}") = "services", "services", "{E435E1D4-B349-4894-97B7-A535CC552992}"
EndProject
Project("{FAE04EC0-301F-11D3-BF4B-00C04F79EFBC}") = "Products.API", "src\services\Products.API\Products.API.csproj", "{0CC479C6-B0B8-48BC-8163-33FA7ECAF8C7}"
EndProject
Project("{FAE04EC0-301F-11D3-BF4B-00C04F79EFBC}") = "Users.API", "src\services\Users.API\Users.API.csproj", "{847F0DFF-6AA4-4F08-9C60-9090497BCBEF}"
EndProject
Project("{2150E333-8FDC-42A3-9474-1A3956D46DE8}") = "Gateway", "Gateway", "{0FB646D3-24BF-4A18-940E-3059D4C9465A}"
EndProject
Project("{FAE04EC0-301F-11D3-BF4B-00C04F79EFBC}") = "Gateway.API", "src\gateway\Gateway.API\Gateway.API.csproj", "{33AFF15A-7C23-4E3F-9B89-EA2EED8D5626}"
EndProject
Project("{E53339B2-1760-4266-BCC7-CA923CBCF16C}") = "docker-compose", "docker-compose.dcproj", "{5FE0B62B-1B41-48AE-BC56-D3B7988AA42E}"
EndProject
Global
	GlobalSection(SolutionConfigurationPlatforms) = preSolution
		Debug|Any CPU = Debug|Any CPU
		Release|Any CPU = Release|Any CPU
	EndGlobalSection
	GlobalSection(ProjectConfigurationPlatforms) = postSolution
		{0CC479C6-B0B8-48BC-8163-33FA7ECAF8C7}.Debug|Any CPU.ActiveCfg = Debug|Any CPU
		{0CC479C6-B0B8-48BC-8163-33FA7ECAF8C7}.Debug|Any CPU.Build.0 = Debug|Any CPU
		{0CC479C6-B0B8-48BC-8163-33FA7ECAF8C7}.Release|Any CPU.ActiveCfg = Release|Any CPU
		{0CC479C6-B0B8-48BC-8163-33FA7ECAF8C7}.Release|Any CPU.Build.0 = Release|Any CPU
		{847F0DFF-6AA4-4F08-9C60-9090497BCBEF}.Debug|Any CPU.ActiveCfg = Debug|Any CPU
		{847F0DFF-6AA4-4F08-9C60-9090497BCBEF}.Debug|Any CPU.Build.0 = Debug|Any CPU
		{847F0DFF-6AA4-4F08-9C60-9090497BCBEF}.Release|Any CPU.ActiveCfg = Release|Any CPU
		{847F0DFF-6AA4-4F08-9C60-9090497BCBEF}.Release|Any CPU.Build.0 = Release|Any CPU
		{33AFF15A-7C23-4E3F-9B89-EA2EED8D5626}.Debug|Any CPU.ActiveCfg = Debug|Any CPU
		{33AFF15A-7C23-4E3F-9B89-EA2EED8D5626}.Debug|Any CPU.Build.0 = Debug|Any CPU
		{33AFF15A-7C23-4E3F-9B89-EA2EED8D5626}.Release|Any CPU.ActiveCfg = Release|Any CPU
		{33AFF15A-7C23-4E3F-9B89-EA2EED8D5626}.Release|Any CPU.Build.0 = Release|Any CPU
		{5FE0B62B-1B41-48AE-BC56-D3B7988AA42E}.Debug|Any CPU.ActiveCfg = Debug|Any CPU
		{5FE0B62B-1B41-48AE-BC56-D3B7988AA42E}.Debug|Any CPU.Build.0 = Debug|Any CPU
		{5FE0B62B-1B41-48AE-BC56-D3B7988AA42E}.Release|Any CPU.ActiveCfg = Release|Any CPU
		{5FE0B62B-1B41-48AE-BC56-D3B7988AA42E}.Release|Any CPU.Build.0 = Release|Any CPU
	EndGlobalSection
	GlobalSection(SolutionProperties) = preSolution
		HideSolutionNode = FALSE
	EndGlobalSection
	GlobalSection(NestedProjects) = preSolution
		{0CC479C6-B0B8-48BC-8163-33FA7ECAF8C7} = {E435E1D4-B349-4894-97B7-A535CC552992}
		{847F0DFF-6AA4-4F08-9C60-9090497BCBEF} = {E435E1D4-B349-4894-97B7-A535CC552992}
		{33AFF15A-7C23-4E3F-9B89-EA2EED8D5626} = {0FB646D3-24BF-4A18-940E-3059D4C9465A}
	EndGlobalSection
EndGlobal
